PODS:
  - _NIODataStructures (2.32.3)
  - blurhash (0.0.1)
  - BonMot (6.0.0)
  - CGRPCZlib (1.0.0)
  - CNIOAtomics (2.32.3)
  - CNIOBoringSSL (2.19.0)
  - CNIOBoringSSLShims (2.19.0):
    - CNIOBoringSSL (= 2.19.0)
  - CNIODarwin (2.32.3)
  - CNIOHTTPParser (2.32.3)
  - CNIOLinux (2.32.3)
  - CNIOWindows (2.32.3)
  - CocoaLumberjack (3.7.4):
    - CocoaLumberjack/Core (= 3.7.4)
  - CocoaLumberjack/Core (3.7.4)
  - Curve25519Kit (2.1.0):
    - CocoaLumberjack
    - LibSignalClient (>= 0.15.0)
    - SignalCoreKit
  - Curve25519Kit/Tests (2.1.0):
    - CocoaLumberjack
    - LibSignalClient (>= 0.15.0)
    - SignalCoreKit
  - GRDB.swift/SQLCipher (5.23.0):
    - SQLCipher (>= 3.4.0)
  - gRPC-Swift (1.0.0):
    - CGRPCZlib (= 1.0.0)
    - Logging (< 2.0.0, >= 1.4.0)
    - SwiftNIO (< 3.0.0, >= 2.22.0)
    - SwiftNIOExtras (< 2.0.0, >= 1.4.0)
    - SwiftNIOHTTP2 (< 2.0.0, >= 1.16.1)
    - SwiftNIOSSL (< 3.0.0, >= 2.8.0)
    - SwiftNIOTransportServices (< 2.0.0, >= 1.6.0)
    - SwiftProtobuf (< 2.0.0, >= 1.9.0)
  - LibMobileCoin/Core (1.2.0-pre15):
    - gRPC-Swift
    - SwiftProtobuf (~> 1.5)
  - libPhoneNumber-iOS (0.9.15)
  - LibSignalClient (0.16.0):
    - SignalCoreKit
  - LibSignalClient/Tests (0.16.0):
    - SignalCoreKit
  - libwebp (1.0.2):
    - libwebp/core (= 1.0.2)
    - libwebp/dec (= 1.0.2)
    - libwebp/demux (= 1.0.2)
    - libwebp/dsp (= 1.0.2)
    - libwebp/enc (= 1.0.2)
    - libwebp/mux (= 1.0.2)
    - libwebp/utils (= 1.0.2)
    - libwebp/webp (= 1.0.2)
  - libwebp/core (1.0.2):
    - libwebp/webp
  - libwebp/dec (1.0.2):
    - libwebp/core
  - libwebp/demux (1.0.2):
    - libwebp/core
  - libwebp/dsp (1.0.2):
    - libwebp/core
  - libwebp/enc (1.0.2):
    - libwebp/core
  - libwebp/mux (1.0.2):
    - libwebp/core
  - libwebp/utils (1.0.2):
    - libwebp/core
  - libwebp/webp (1.0.2)
  - Logging (1.4.0)
  - lottie-ios (3.1.3)
  - Mantle (2.1.0):
    - Mantle/extobjc (= 2.1.0)
  - Mantle/extobjc (2.1.0)
  - MobileCoin/Core (1.2.0-pre16):
    - gRPC-Swift (= 1.0.0)
    - LibMobileCoin/Core (= 1.2.0-pre15)
    - Logging (~> 1.4)
    - SwiftNIO (~> 2.32.0)
    - SwiftNIOHPACK (~> 1.16.3)
    - SwiftNIOHTTP1 (~> 2.32.0)
    - SwiftProtobuf
  - MobileCoinMinimal (1.2.0-pre2):
    - CocoaLumberjack
    - Logging (~> 1.4)
    - SwiftProtobuf
  - MobileCoinMinimal/Tests (1.2.0-pre2):
    - CocoaLumberjack
    - Logging (~> 1.4)
    - SwiftProtobuf
  - OpenSSL-Universal (1.1.1100)
  - PureLayout (3.1.4)
  - Reachability (3.2)
  - SAMKeychain (1.5.3)
  - SignalArgon2 (1.3.2)
  - SignalArgon2/Tests (1.3.2)
  - SignalCoreKit (1.0.0):
    - CocoaLumberjack
    - OpenSSL-Universal
  - SignalCoreKit/Tests (1.0.0):
    - CocoaLumberjack
    - OpenSSL-Universal
  - SignalRingRTC (2.20.5):
    - SignalCoreKit
    - SignalRingRTC/WebRTC (= 2.20.5)
  - SignalRingRTC/WebRTC (2.20.5):
    - SignalCoreKit
  - SignalServiceKit (0.9.0):
    - blurhash
    - CocoaLumberjack
    - Curve25519Kit
    - GRDB.swift/SQLCipher
    - libPhoneNumber-iOS
    - LibSignalClient
    - libwebp
    - Mantle
    - OpenSSL-Universal
    - Reachability
    - SAMKeychain
    - SignalArgon2
    - SignalCoreKit
    - SwiftProtobuf
    - YYImage/WebP
  - SignalServiceKit/Tests (0.9.0):
    - blurhash
    - CocoaLumberjack
    - Curve25519Kit
    - GRDB.swift/SQLCipher
    - libPhoneNumber-iOS
    - LibSignalClient
    - libwebp
    - Mantle
    - OpenSSL-Universal
    - Reachability
    - SAMKeychain
    - SignalArgon2
    - SignalCoreKit
    - SwiftProtobuf
    - YYImage/WebP
  - SQLCipher (4.5.1):
    - SQLCipher/standard (= 4.5.1)
  - SQLCipher/common (4.5.1)
  - SQLCipher/standard (4.5.1):
    - SQLCipher/common
  - SSZipArchive (2.1.4)
  - Starscream (3.1.1)
  - SwiftNIO (2.32.3):
    - SwiftNIOCore (= 2.32.3)
    - SwiftNIOEmbedded (= 2.32.3)
    - SwiftNIOPosix (= 2.32.3)
  - SwiftNIOConcurrencyHelpers (2.32.3):
    - CNIOAtomics (= 2.32.3)
  - SwiftNIOCore (2.32.3):
    - CNIOLinux (= 2.32.3)
    - SwiftNIOConcurrencyHelpers (= 2.32.3)
  - SwiftNIOEmbedded (2.32.3):
    - _NIODataStructures (= 2.32.3)
    - SwiftNIOCore (= 2.32.3)
  - SwiftNIOExtras (1.11.0):
    - _NIODataStructures (< 3, >= 2.32.0)
    - CNIOAtomics (< 3, >= 2.32.0)
    - CNIODarwin (< 3, >= 2.32.0)
    - CNIOLinux (< 3, >= 2.32.0)
    - CNIOWindows (< 3, >= 2.32.0)
    - SwiftNIO (< 3, >= 2.32.0)
    - SwiftNIOConcurrencyHelpers (< 3, >= 2.32.0)
    - SwiftNIOCore (< 3, >= 2.32.0)
    - SwiftNIOEmbedded (< 3, >= 2.32.0)
    - SwiftNIOPosix (< 3, >= 2.32.0)
  - SwiftNIOFoundationCompat (2.32.3):
    - SwiftNIO (= 2.32.3)
    - SwiftNIOCore (= 2.32.3)
  - SwiftNIOHPACK (1.16.3):
    - SwiftNIO (< 3, >= 2.18.0)
    - SwiftNIOConcurrencyHelpers (< 3, >= 2.18.0)
    - SwiftNIOHTTP1 (< 3, >= 2.18.0)
  - SwiftNIOHTTP1 (2.32.3):
    - CNIOHTTPParser (= 2.32.3)
    - SwiftNIO (= 2.32.3)
    - SwiftNIOConcurrencyHelpers (= 2.32.3)
    - SwiftNIOCore (= 2.32.3)
  - SwiftNIOHTTP2 (1.16.3):
    - SwiftNIO (< 3, >= 2.18.0)
    - SwiftNIOConcurrencyHelpers (< 3, >= 2.18.0)
    - SwiftNIOHPACK (= 1.16.3)
    - SwiftNIOHTTP1 (< 3, >= 2.18.0)
    - SwiftNIOTLS (< 3, >= 2.18.0)
  - SwiftNIOPosix (2.32.3):
    - _NIODataStructures (= 2.32.3)
    - CNIODarwin (= 2.32.3)
    - CNIOLinux (= 2.32.3)
    - CNIOWindows (= 2.32.3)
    - SwiftNIOConcurrencyHelpers (= 2.32.3)
    - SwiftNIOCore (= 2.32.3)
  - SwiftNIOSSL (2.19.0):
    - _NIODataStructures (< 3, >= 2.32.0)
    - CNIOAtomics (< 3, >= 2.32.0)
    - CNIOBoringSSL (= 2.19.0)
    - CNIOBoringSSLShims (= 2.19.0)
    - CNIODarwin (< 3, >= 2.32.0)
    - CNIOLinux (< 3, >= 2.32.0)
    - CNIOWindows (< 3, >= 2.32.0)
    - SwiftNIO (< 3, >= 2.32.0)
    - SwiftNIOConcurrencyHelpers (< 3, >= 2.32.0)
    - SwiftNIOCore (< 3, >= 2.32.0)
    - SwiftNIOEmbedded (< 3, >= 2.32.0)
    - SwiftNIOPosix (< 3, >= 2.32.0)
    - SwiftNIOTLS (< 3, >= 2.32.0)
  - SwiftNIOTLS (2.32.3):
    - SwiftNIO (= 2.32.3)
    - SwiftNIOCore (= 2.32.3)
  - SwiftNIOTransportServices (1.12.0):
    - _NIODataStructures (< 3, >= 2.32.0)
    - CNIOAtomics (< 3, >= 2.32.0)
    - CNIODarwin (< 3, >= 2.32.0)
    - CNIOLinux (< 3, >= 2.32.0)
    - CNIOWindows (< 3, >= 2.32.0)
    - SwiftNIO (< 3, >= 2.32.0)
    - SwiftNIOConcurrencyHelpers (< 3, >= 2.32.0)
    - SwiftNIOCore (< 3, >= 2.32.0)
    - SwiftNIOEmbedded (< 3, >= 2.32.0)
    - SwiftNIOFoundationCompat (< 3, >= 2.32.0)
    - SwiftNIOPosix (< 3, >= 2.32.0)
    - SwiftNIOTLS (< 3, >= 2.32.0)
  - SwiftProtobuf (1.15.0)
  - YYImage (1.0.4):
    - YYImage/Core (= 1.0.4)
  - YYImage/Core (1.0.4)
  - YYImage/libwebp (1.0.4):
    - libwebp
    - YYImage/Core
  - YYImage/WebP (1.0.4):
    - YYImage/Core

DEPENDENCIES:
  - blurhash (from `https://github.com/signalapp/blurhash`, branch `signal-master`)
  - BonMot
  - "Curve25519Kit (from `ssh://git@github.com/signalapp/Curve25519Kit`, branch `feature/SignalClient-adoption`)"
  - "Curve25519Kit/Tests (from `ssh://git@github.com/signalapp/Curve25519Kit`, branch `feature/SignalClient-adoption`)"
  - GRDB.swift/SQLCipher
  - libPhoneNumber-iOS (from `https://github.com/signalapp/libPhoneNumber-iOS`, branch `signal-master`)
  - LibSignalClient (from `https://github.com/signalapp/libsignal-client.git`)
  - LibSignalClient/Tests (from `https://github.com/signalapp/libsignal-client.git`)
  - lottie-ios
  - Mantle (from `https://github.com/signalapp/Mantle`, branch `signal-master`)
  - MobileCoin/Core (= 1.2.0-pre16)
  - MobileCoinMinimal (from `https://github.com/signalapp/MobileCoin-Swift.git`, branch `charlesmchen/mobileCoinMinimal`)
  - MobileCoinMinimal/Tests (from `https://github.com/signalapp/MobileCoin-Swift.git`, branch `charlesmchen/mobileCoinMinimal`)
  - OpenSSL-Universal (from `https://github.com/signalapp/GRKOpenSSLFramework`)
  - PureLayout
  - Reachability
  - SignalArgon2 (from `https://github.com/signalapp/Argon2.git`)
  - SignalArgon2/Tests (from `https://github.com/signalapp/Argon2.git`)
  - "SignalCoreKit (from `git@github.com:signalapp/SignalCoreKit`)"
  - "SignalCoreKit/Tests (from `git@github.com:signalapp/SignalCoreKit`)"
  - SignalRingRTC (from `ThirdParty/SignalRingRTC.podspec`)
  - SignalServiceKit (from `.`)
  - SignalServiceKit/Tests (from `.`)
  - SQLCipher (>= 4.0.1)
  - SSZipArchive
  - Starscream (from `https://github.com/signalapp/Starscream.git`, branch `signal-release`)
  - SwiftProtobuf (>= 1.14.0)
  - YYImage (from `https://github.com/signalapp/YYImage`)
  - YYImage/libwebp (from `https://github.com/signalapp/YYImage`)

SPEC REPOS:
  trunk:
    - _NIODataStructures
    - BonMot
    - CGRPCZlib
    - CNIOAtomics
    - CNIOBoringSSL
    - CNIOBoringSSLShims
    - CNIODarwin
    - CNIOHTTPParser
    - CNIOLinux
    - CNIOWindows
    - CocoaLumberjack
    - GRDB.swift
    - gRPC-Swift
    - LibMobileCoin
    - libwebp
    - Logging
    - lottie-ios
    - MobileCoin
    - PureLayout
    - Reachability
    - SAMKeychain
    - SQLCipher
    - SSZipArchive
    - SwiftNIO
    - SwiftNIOConcurrencyHelpers
    - SwiftNIOCore
    - SwiftNIOEmbedded
    - SwiftNIOExtras
    - SwiftNIOFoundationCompat
    - SwiftNIOHPACK
    - SwiftNIOHTTP1
    - SwiftNIOHTTP2
    - SwiftNIOPosix
    - SwiftNIOSSL
    - SwiftNIOTLS
    - SwiftNIOTransportServices
    - SwiftProtobuf

EXTERNAL SOURCES:
  blurhash:
    :branch: signal-master
    :git: https://github.com/signalapp/blurhash
  Curve25519Kit:
    :branch: feature/SignalClient-adoption
    :git: "ssh://git@github.com/signalapp/Curve25519Kit"
  libPhoneNumber-iOS:
    :branch: signal-master
    :git: https://github.com/signalapp/libPhoneNumber-iOS
  LibSignalClient:
    :git: https://github.com/signalapp/libsignal-client.git
  Mantle:
    :branch: signal-master
    :git: https://github.com/signalapp/Mantle
  MobileCoinMinimal:
    :branch: charlesmchen/mobileCoinMinimal
    :git: https://github.com/signalapp/MobileCoin-Swift.git
  OpenSSL-Universal:
    :git: https://github.com/signalapp/GRKOpenSSLFramework
  SignalArgon2:
    :git: https://github.com/signalapp/Argon2.git
    :submodules: true
  SignalCoreKit:
    :git: "git@github.com:signalapp/SignalCoreKit"
  SignalRingRTC:
    :path: ThirdParty/SignalRingRTC.podspec
  SignalServiceKit:
    :path: "."
  Starscream:
    :branch: signal-release
    :git: https://github.com/signalapp/Starscream.git
  YYImage:
    :git: https://github.com/signalapp/YYImage

CHECKOUT OPTIONS:
  blurhash:
    :commit: 890ffdab14207154819415da7e6c969e9dfff0e9
    :git: https://github.com/signalapp/blurhash
  Curve25519Kit:
    :commit: 459674cfb4292a2de3425fb00bd92217883cf448
    :git: "ssh://git@github.com/signalapp/Curve25519Kit"
  libPhoneNumber-iOS:
    :commit: 4c4341c5b89040559810a3e38c7a47c77eeaeabb
    :git: https://github.com/signalapp/libPhoneNumber-iOS
  LibSignalClient:
    :commit: 916269c3e5c9cf685099b320c33996fc2f271481
    :git: https://github.com/signalapp/libsignal-client.git
  Mantle:
    :commit: e7e46253bb01ce39525d90aa69ed9e85e758bfc4
    :git: https://github.com/signalapp/Mantle
  MobileCoinMinimal:
    :commit: dae1e36cb6aeb8fab2c35ce857bd45cd0ce07023
    :git: https://github.com/signalapp/MobileCoin-Swift.git
  OpenSSL-Universal:
    :commit: c277886d6fc025f828dafba03eacfef2ecc7936a
    :git: https://github.com/signalapp/GRKOpenSSLFramework
  SignalArgon2:
    :commit: 6a37e32167500ff7830e337b726a1653061d86b2
    :git: https://github.com/signalapp/Argon2.git
    :submodules: true
  SignalCoreKit:
    :commit: 603f75807e30b7fa83843a74e6934563136c3027
    :git: "git@github.com:signalapp/SignalCoreKit"
  Starscream:
    :commit: 71ebc08f248256497a237ece262e42e7ad05c4a5
    :git: https://github.com/signalapp/Starscream.git
  YYImage:
    :commit: 62a4cede20bcf31da73d18163408e46a92f171c6
    :git: https://github.com/signalapp/YYImage

SPEC CHECKSUMS:
  _NIODataStructures: e2077c7dc7c1d6c93e698c85fe04d663a17f53a4
  blurhash: 4b3b2b8909cf41ab59fa349788654b8387284ff4
  BonMot: fb2b6a2209cb3149aca37b7131d49c051c04ae86
  CGRPCZlib: b0c9d704a12fa667f1824ffff20688f191945989
  CNIOAtomics: 4dde57e1838a29a9b23ef91617505f34751cdbe5
  CNIOBoringSSL: 2c9c96c2e95f15e83fb8d26b9738d939cc39ae33
  CNIOBoringSSLShims: c5c9346e7bbd1040f4f8793a35441dda7487539a
  CNIODarwin: 0489511f8486443af71ff986ccd5abbc680ae713
  CNIOHTTPParser: f7a6816f7ddbe7dfa57a74cd36dc2db2c53b56e8
  CNIOLinux: 5921dfefbc4bbe017380b34c510855622147ea41
  CNIOWindows: f5aa9dfb401b440a7b4c9cd911e53e981a787193
  CocoaLumberjack: 543c79c114dadc3b1aba95641d8738b06b05b646
  Curve25519Kit: 1b98dc2d6e7e3d5b6756b05b96758f6161e6d58d
  GRDB.swift: e4a950fe99d113ea5d24571d49eaae0062303c14
  gRPC-Swift: 77154009a019e97f8c4bd8f2bb75fe9726801157
  LibMobileCoin: 042d7f27c76a32546e3537c004add9482a5d8631
  libPhoneNumber-iOS: 2d26d0a38933eee2702962a4dbdec2fc20e5ef9f
  LibSignalClient: bbb82a9ffcea9699cc119e68ea8655d818da8559
  libwebp: b068a3bd7c45f7460f6715be7bed1a18fd5d6b48
  Logging: beeb016c9c80cf77042d62e83495816847ef108b
  lottie-ios: 496ac5cea1bbf1a7bd1f1f472f3232eb1b8d744b
  Mantle: 2fa750afa478cd625a94230fbf1c13462f29395b
  MobileCoin: 1719147877fff4a9df55db23e4f16122574e1c32
  MobileCoinMinimal: 627ed590d8a0d5d57c39ec25727bde3d976d2f7a
  OpenSSL-Universal: d8fb58afffcf2dafe4ad99e17efe236bcd216c2e
  PureLayout: f08c01b8dec00bb14a1fefa3de4c7d9c265df85e
  Reachability: 33e18b67625424e47b6cde6d202dce689ad7af96
  SAMKeychain: 483e1c9f32984d50ca961e26818a534283b4cd5c
  SignalArgon2: 1c24183835ca861e6af06631c18b1671cdf35571
  SignalCoreKit: 87da14c58d57760793b892ff03838c5ef2ce1167
  SignalRingRTC: 1265dc41d02f47a528ef6fd9371524b57ebe7b9d
  SignalServiceKit: d598fa75d9f6c2137a5e016fdc117f94c7ac3ef7
  SQLCipher: 712e8416685e8e575b9b0706ffee71678b2fdcf8
  SSZipArchive: 41455d4b8d2b6ab93990820b50dc697c2554a322
  Starscream: 4bb2f9942274833f7b4d296a55504dcfc7edb7b0
  SwiftNIO: bb336ceef32850e9671d3fa0e0cc2b9add3b5948
  SwiftNIOConcurrencyHelpers: ca2594e10749655f42baf5468212be83d2f94fe3
  SwiftNIOCore: 9deed6620f80c7c82e8e2c2ffb9864495416d892
  SwiftNIOEmbedded: b7ccf12b402dff35a5d4356990a6253621e4337d
  SwiftNIOExtras: 481f74d6bf0b0ef699905ed66439cb019c4975c9
  SwiftNIOFoundationCompat: d3b888766e7c67354a4e4e145d38edf9586efa0c
  SwiftNIOHPACK: 38e855a72ae0c5176485ddd039b3933b99daa2b7
  SwiftNIOHTTP1: 349a16aae363250cd49f430a9fdb93cff518adfa
  SwiftNIOHTTP2: de7eff9d32fd347338f85b86c6fd0e13c3fbd1a0
  SwiftNIOPosix: e4988a8dcfd5a6319bde219d7a3d0acc5fbe7a89
  SwiftNIOSSL: d153c5a6fc5b2301b0519b4c4d037a9414212da6
  SwiftNIOTLS: 1b8290ec775238ccc714ed842d929494df95a2c2
  SwiftNIOTransportServices: 0b2b407819d82eb63af558c5396e33c945759503
  SwiftProtobuf: 3320217e9d8fb75f36b40282e78c482640fd75dd
  YYImage: f1ddd15ac032a58b78bbed1e012b50302d318331

PODFILE CHECKSUM: fe4e3447fafb6c8f265171c0083389e1228822bc

COCOAPODS: 1.10.0
